{
    "_readme": [
        "This file locks the dependencies of your project to a known state",
        "Read more about it at https://getcomposer.org/doc/01-basic-usage.md#installing-dependencies",
        "This file is @generated automatically"
    ],
    "content-hash": "a23b4cdc82c826a9416d2c36d975e623",
    "packages": [],
    "packages-dev": [
        {
            "name": "giorgiosironi/eris",
            "version": "0.11.0",
            "source": {
                "type": "git",
                "url": "https://github.com/giorgiosironi/eris.git",
                "reference": "fe03babc632c4e10961e98e2f62fb2b8250e6171"
            },
            "dist": {
                "type": "zip",
                "url": "https://api.github.com/repos/giorgiosironi/eris/zipball/fe03babc632c4e10961e98e2f62fb2b8250e6171",
                "reference": "fe03babc632c4e10961e98e2f62fb2b8250e6171",
                "shasum": ""
            },
            "require": {
                "php": ">=5.5"
            },
            "require-dev": {
                "friendsofphp/php-cs-fixer": "^2.0",
                "icomefromthenet/reverse-regex": "v0.0.6.3",
                "phpunit/phpunit": ">4,<8"
            },
            "suggest": {
                "icomefromthenet/reverse-regex": "v0.0.6.3 for the regex() Generator",
                "phpunit/phpunit": "Standard way to run generated test cases"
            },
            "type": "library",
            "autoload": {
                "psr-4": {
                    "Eris\\": "src/"
                },
                "files": [
                    "src/Generator/functions.php"
                ]
            },
            "notification-url": "https://packagist.org/downloads/",
            "license": [
                "MIT"
            ],
            "authors": [
                {
                    "name": "Gabriele Lana",
                    "email": "gabriele.lana@gmail.com"
                },
                {
                    "name": "Giorgio Sironi",
                    "email": "info@giorgiosironi.com"
                },
                {
                    "name": "Mirko Bonadei",
                    "email": "mirko.bonadei@gmail.com"
                }
            ],
            "description": "PHP library for property-based testing. Integrates with PHPUnit.",
            "time": "2018-09-16T08:41:41+00:00"
        }
    ],
    "aliases": [],
    "minimum-stability": "stable",
    "stability-flags": [],
    "prefer-stable": false,
    "prefer-lowest": false,
    "platform": [],
    "platform-dev": [],
    "plugin-api-version": "1.1.0"
}
