{
    "_readme": [
        "This file locks the dependencies of your project to a known state",
        "Read more about it at https://getcomposer.org/doc/01-basic-usage.md#installing-dependencies",
        "This file is @generated automatically"
    ],
    "content-hash": "eb0599cad5e1073e7eeb7ac7daca4f51",
    "packages": [],
    "packages-dev": [
        {
            "name": "giorgiosironi/eris",
            "version": "0.13.0",
            "source": {
                "type": "git",
                "url": "https://github.com/giorgiosironi/eris.git",
                "reference": "d3a07e2e30eff6e0ee0a478efab4c6bed4290033"
            },
            "dist": {
                "type": "zip",
                "url": "https://api.github.com/repos/giorgiosironi/eris/zipball/d3a07e2e30eff6e0ee0a478efab4c6bed4290033",
                "reference": "d3a07e2e30eff6e0ee0a478efab4c6bed4290033",
                "shasum": ""
            },
            "require": {
                "php": ">=7.1"
            },
            "require-dev": {
                "friendsofphp/php-cs-fixer": "^2.0",
                "icomefromthenet/reverse-regex": "v0.0.6.3",
                "phpstan/phpstan": "^1.2",
                "phpunit/phpunit": ">=7",
                "psalm/phar": "^4.13",
                "sebastian/comparator": ">=1.2.4"
            },
            "suggest": {
                "icomefromthenet/reverse-regex": "v0.0.6.3 for the regex() Generator",
                "phpunit/phpunit": "Standard way to run generated test cases"
            },
            "type": "library",
            "autoload": {
                "files": [
                    "src/Generator/functions.php"
                ],
                "psr-4": {
                    "Eris\\": "src/"
                }
            },
            "notification-url": "https://packagist.org/downloads/",
            "license": [
                "MIT"
            ],
            "authors": [
                {
                    "name": "Giorgio Sironi",
                    "email": "info@giorgiosironi.com"
                },
                {
                    "name": "Mirko Bonadei",
                    "email": "mirko.bonadei@gmail.com"
                },
                {
                    "name": "Gabriele Lana",
                    "email": "gabriele.lana@gmail.com"
                }
            ],
            "description": "PHP library for property-based testing. Integrates with PHPUnit.",
            "support": {
                "issues": "https://github.com/giorgiosironi/eris/issues",
                "source": "https://github.com/giorgiosironi/eris/tree/0.13.0"
            },
            "time": "2021-12-17T21:51:49+00:00"
        }
    ],
    "aliases": [],
    "minimum-stability": "stable",
    "stability-flags": [],
    "prefer-stable": false,
    "prefer-lowest": false,
    "platform": [],
    "platform-dev": [],
    "plugin-api-version": "2.0.0"
}
